{
    "_readme": [
        "This file locks the dependencies of your project to a known state",
        "Read more about it at https://getcomposer.org/doc/01-basic-usage.md#installing-dependencies",
        "This file is @generated automatically"
    ],
    "content-hash": "60c9ae6b7f973245b3893b2d78f2b659",
    "packages": [
        {
            "name": "khill/fontawesomephp",
            "version": "2.0",
            "source": {
                "type": "git",
                "url": "https://github.com/kevinkhill/FontAwesomePHP.git",
                "reference": "324fdac57c319f7212d4be2e47f1d03c3f015e1a"
            },
            "dist": {
                "type": "zip",
                "url": "https://api.github.com/repos/kevinkhill/FontAwesomePHP/zipball/324fdac57c319f7212d4be2e47f1d03c3f015e1a",
                "reference": "324fdac57c319f7212d4be2e47f1d03c3f015e1a",
                "shasum": ""
            },
            "require-dev": {
                "phpunit/phpunit": "~4.8",
                "satooshi/php-coveralls": "~1.0",
                "squizlabs/php_codesniffer": "~2.5"
            },
            "type": "library",
            "extra": {
                "laravel": {
                    "aliases": {
                        "FA": "Khill\\FontAwesome\\Laravel\\FontAwesomeFacade"
                    },
                    "providers": [
                        "Khill\\FontAwesome\\Laravel\\FontAwesomeServiceProvider"
                    ]
                }
            },
            "autoload": {
                "psr-4": {
                    "Khill\\FontAwesome\\": "src/"
                }
            },
            "notification-url": "https://packagist.org/downloads/",
            "license": [
                "MIT"
            ],
            "authors": [
                {
                    "name": "Kevin Hill",
                    "email": "kevinkhill@gmail.com",
                    "role": "Developer"
                }
            ],
            "description": "PHP wrapper library for the fantastic Font Awesome icon set.",
            "support": {
                "issues": "https://github.com/kevinkhill/FontAwesomePHP/issues",
                "source": "https://github.com/kevinkhill/FontAwesomePHP/tree/2.0"
            },
            "time": "2018-06-19T17:27:46+00:00"
        }
    ],
    "packages-dev": [],
    "aliases": [],
    "minimum-stability": "stable",
    "stability-flags": {},
    "prefer-stable": false,
    "prefer-lowest": false,
    "platform": {
        "ext-pdo": "*"
    },
    "platform-dev": {},
    "plugin-api-version": "2.6.0"
}
